// !$*UTF8*$!
{
	archiveVersion = 1;
	classes = {
	};
	objectVersion = 50;
	objects = {

/* Begin PBXBuildFile section */
		4A447DA2252515BE0078304B /* AppDelegate.swift in Sources */ = {isa = PBXBuildFile; fileRef = 4A447DA1252515BE0078304B /* AppDelegate.swift */; };
		4A447DA4252515BE0078304B /* SceneDelegate.swift in Sources */ = {isa = PBXBuildFile; fileRef = 4A447DA3252515BE0078304B /* SceneDelegate.swift */; };
		4A447DA6252515BE0078304B /* HomeViewController.swift in Sources */ = {isa = PBXBuildFile; fileRef = 4A447DA5252515BE0078304B /* HomeViewController.swift */; };
		4A447DAC252515BE0078304B /* CARFAX_Listings.xcdatamodeld in Sources */ = {isa = PBXBuildFile; fileRef = 4A447DAA252515BE0078304B /* CARFAX_Listings.xcdatamodeld */; };
		4A447DAE252515BE0078304B /* Assets.xcassets in Resources */ = {isa = PBXBuildFile; fileRef = 4A447DAD252515BE0078304B /* Assets.xcassets */; };
		4A447DB1252515BE0078304B /* LaunchScreen.storyboard in Resources */ = {isa = PBXBuildFile; fileRef = 4A447DAF252515BE0078304B /* LaunchScreen.storyboard */; };
		4A447DC42525180E0078304B /* NetworkManager.swift in Sources */ = {isa = PBXBuildFile; fileRef = 4A447DC32525180E0078304B /* NetworkManager.swift */; };
		4A447DC82525187E0078304B /* CFError.swift in Sources */ = {isa = PBXBuildFile; fileRef = 4A447DC72525187E0078304B /* CFError.swift */; };
		4A447DCB252518C00078304B /* CARFAXDataModel.swift in Sources */ = {isa = PBXBuildFile; fileRef = 4A447DCA252518C00078304B /* CARFAXDataModel.swift */; };
		4A5AF3E125252BF600F8DAD6 /* CFCollectionView.swift in Sources */ = {isa = PBXBuildFile; fileRef = 4A5AF3E025252BF600F8DAD6 /* CFCollectionView.swift */; };
		4A5AF3E6252532FF00F8DAD6 /* CFCollectionViewCell.swift in Sources */ = {isa = PBXBuildFile; fileRef = 4A5AF3E5252532FF00F8DAD6 /* CFCollectionViewCell.swift */; };
		4A5AF3EA252536F500F8DAD6 /* ListingCollectionViewCell.swift in Sources */ = {isa = PBXBuildFile; fileRef = 4A5AF3E9252536F500F8DAD6 /* ListingCollectionViewCell.swift */; };
		4A5AF3ED2525400D00F8DAD6 /* Constants.swift in Sources */ = {isa = PBXBuildFile; fileRef = 4A5AF3EC2525400D00F8DAD6 /* Constants.swift */; };
		4A5AF3F12525408600F8DAD6 /* CFListingImageView.swift in Sources */ = {isa = PBXBuildFile; fileRef = 4A5AF3F02525408600F8DAD6 /* CFListingImageView.swift */; };
		4A5AF3F6252541AD00F8DAD6 /* CFButton.swift in Sources */ = {isa = PBXBuildFile; fileRef = 4A5AF3F5252541AD00F8DAD6 /* CFButton.swift */; };
		4A5AF3FA2525426E00F8DAD6 /* UIFont+Ext.swift in Sources */ = {isa = PBXBuildFile; fileRef = 4A5AF3F92525426E00F8DAD6 /* UIFont+Ext.swift */; };
		4A5AF3FE2525428900F8DAD6 /* CFLabel.swift in Sources */ = {isa = PBXBuildFile; fileRef = 4A5AF3FD2525428900F8DAD6 /* CFLabel.swift */; };
		4A5AF4022525439F00F8DAD6 /* UIView+Ext.swift in Sources */ = {isa = PBXBuildFile; fileRef = 4A5AF4012525439F00F8DAD6 /* UIView+Ext.swift */; };
		4A5AF4062525450400F8DAD6 /* CFStackView.swift in Sources */ = {isa = PBXBuildFile; fileRef = 4A5AF4052525450400F8DAD6 /* CFStackView.swift */; };
		4A5AF40A2525498A00F8DAD6 /* Int+Ext.swift in Sources */ = {isa = PBXBuildFile; fileRef = 4A5AF4092525498A00F8DAD6 /* Int+Ext.swift */; };
		4A5AF414252569F700F8DAD6 /* CFSearchController.swift in Sources */ = {isa = PBXBuildFile; fileRef = 4A5AF413252569F700F8DAD6 /* CFSearchController.swift */; };
/* End PBXBuildFile section */

/* Begin PBXFileReference section */
		4A447D9E252515BE0078304B /* CARFAX_Listings.app */ = {isa = PBXFileReference; explicitFileType = wrapper.application; includeInIndex = 0; path = CARFAX_Listings.app; sourceTree = BUILT_PRODUCTS_DIR; };
		4A447DA1252515BE0078304B /* AppDelegate.swift */ = {isa = PBXFileReference; lastKnownFileType = sourcecode.swift; path = AppDelegate.swift; sourceTree = "<group>"; };
		4A447DA3252515BE0078304B /* SceneDelegate.swift */ = {isa = PBXFileReference; lastKnownFileType = sourcecode.swift; path = SceneDelegate.swift; sourceTree = "<group>"; };
		4A447DA5252515BE0078304B /* HomeViewController.swift */ = {isa = PBXFileReference; lastKnownFileType = sourcecode.swift; path = HomeViewController.swift; sourceTree = "<group>"; };
		4A447DAB252515BE0078304B /* CARFAX_Listings.xcdatamodel */ = {isa = PBXFileReference; lastKnownFileType = wrapper.xcdatamodel; path = CARFAX_Listings.xcdatamodel; sourceTree = "<group>"; };
		4A447DAD252515BE0078304B /* Assets.xcassets */ = {isa = PBXFileReference; lastKnownFileType = folder.assetcatalog; path = Assets.xcassets; sourceTree = "<group>"; };
		4A447DB0252515BE0078304B /* Base */ = {isa = PBXFileReference; lastKnownFileType = file.storyboard; name = Base; path = Base.lproj/LaunchScreen.storyboard; sourceTree = "<group>"; };
		4A447DB2252515BE0078304B /* Info.plist */ = {isa = PBXFileReference; lastKnownFileType = text.plist.xml; path = Info.plist; sourceTree = "<group>"; };
		4A447DC32525180E0078304B /* NetworkManager.swift */ = {isa = PBXFileReference; lastKnownFileType = sourcecode.swift; path = NetworkManager.swift; sourceTree = "<group>"; };
		4A447DC72525187E0078304B /* CFError.swift */ = {isa = PBXFileReference; lastKnownFileType = sourcecode.swift; path = CFError.swift; sourceTree = "<group>"; };
		4A447DCA252518C00078304B /* CARFAXDataModel.swift */ = {isa = PBXFileReference; lastKnownFileType = sourcecode.swift; path = CARFAXDataModel.swift; sourceTree = "<group>"; };
		4A5AF3E025252BF600F8DAD6 /* CFCollectionView.swift */ = {isa = PBXFileReference; lastKnownFileType = sourcecode.swift; path = CFCollectionView.swift; sourceTree = "<group>"; };
		4A5AF3E5252532FF00F8DAD6 /* CFCollectionViewCell.swift */ = {isa = PBXFileReference; lastKnownFileType = sourcecode.swift; path = CFCollectionViewCell.swift; sourceTree = "<group>"; };
		4A5AF3E9252536F500F8DAD6 /* ListingCollectionViewCell.swift */ = {isa = PBXFileReference; lastKnownFileType = sourcecode.swift; path = ListingCollectionViewCell.swift; sourceTree = "<group>"; };
		4A5AF3EC2525400D00F8DAD6 /* Constants.swift */ = {isa = PBXFileReference; lastKnownFileType = sourcecode.swift; path = Constants.swift; sourceTree = "<group>"; };
		4A5AF3F02525408600F8DAD6 /* CFListingImageView.swift */ = {isa = PBXFileReference; lastKnownFileType = sourcecode.swift; path = CFListingImageView.swift; sourceTree = "<group>"; };
		4A5AF3F5252541AD00F8DAD6 /* CFButton.swift */ = {isa = PBXFileReference; lastKnownFileType = sourcecode.swift; path = CFButton.swift; sourceTree = "<group>"; };
		4A5AF3F92525426E00F8DAD6 /* UIFont+Ext.swift */ = {isa = PBXFileReference; lastKnownFileType = sourcecode.swift; path = "UIFont+Ext.swift"; sourceTree = "<group>"; };
		4A5AF3FD2525428900F8DAD6 /* CFLabel.swift */ = {isa = PBXFileReference; lastKnownFileType = sourcecode.swift; path = CFLabel.swift; sourceTree = "<group>"; };
		4A5AF4012525439F00F8DAD6 /* UIView+Ext.swift */ = {isa = PBXFileReference; lastKnownFileType = sourcecode.swift; path = "UIView+Ext.swift"; sourceTree = "<group>"; };
		4A5AF4052525450400F8DAD6 /* CFStackView.swift */ = {isa = PBXFileReference; lastKnownFileType = sourcecode.swift; path = CFStackView.swift; sourceTree = "<group>"; };
		4A5AF4092525498A00F8DAD6 /* Int+Ext.swift */ = {isa = PBXFileReference; lastKnownFileType = sourcecode.swift; path = "Int+Ext.swift"; sourceTree = "<group>"; };
		4A5AF413252569F700F8DAD6 /* CFSearchController.swift */ = {isa = PBXFileReference; lastKnownFileType = sourcecode.swift; path = CFSearchController.swift; sourceTree = "<group>"; };
/* End PBXFileReference section */

/* Begin PBXFrameworksBuildPhase section */
		4A447D9B252515BE0078304B /* Frameworks */ = {
			isa = PBXFrameworksBuildPhase;
			buildActionMask = 2147483647;
			files = (
			);
			runOnlyForDeploymentPostprocessing = 0;
		};
/* End PBXFrameworksBuildPhase section */

/* Begin PBXGroup section */
		4A447D95252515BE0078304B = {
			isa = PBXGroup;
			children = (
				4A447DA0252515BE0078304B /* CARFAX_Listings */,
				4A447D9F252515BE0078304B /* Products */,
			);
			sourceTree = "<group>";
		};
		4A447D9F252515BE0078304B /* Products */ = {
			isa = PBXGroup;
			children = (
				4A447D9E252515BE0078304B /* CARFAX_Listings.app */,
			);
			name = Products;
			sourceTree = "<group>";
		};
		4A447DA0252515BE0078304B /* CARFAX_Listings */ = {
			isa = PBXGroup;
			children = (
				4A447DB2252515BE0078304B /* Info.plist */,
				4A447DBF2525174F0078304B /* View Controllers */,
				4A447DBC252517410078304B /* Model */,
				4A447DC1252517580078304B /* Reusable */,
				4A447DC0252517540078304B /* Extensions */,
				4A447DBE2525174C0078304B /* Utilities */,
				4A447DBD252517450078304B /* Core Data */,
				4A447DB9252516FF0078304B /* Managers */,
				4A447DBB2525173F0078304B /* Support */,
			);
			path = CARFAX_Listings;
			sourceTree = "<group>";
		};
		4A447DB9252516FF0078304B /* Managers */ = {
			isa = PBXGroup;
			children = (
				4A447DC32525180E0078304B /* NetworkManager.swift */,
			);
			path = Managers;
			sourceTree = "<group>";
		};
		4A447DBB2525173F0078304B /* Support */ = {
			isa = PBXGroup;
			children = (
				4A447DAD252515BE0078304B /* Assets.xcassets */,
				4A447DAF252515BE0078304B /* LaunchScreen.storyboard */,
				4A447DAA252515BE0078304B /* CARFAX_Listings.xcdatamodeld */,
				4A447DA1252515BE0078304B /* AppDelegate.swift */,
				4A447DA3252515BE0078304B /* SceneDelegate.swift */,
			);
			path = Support;
			sourceTree = "<group>";
		};
		4A447DBC252517410078304B /* Model */ = {
			isa = PBXGroup;
			children = (
				4A447DCA252518C00078304B /* CARFAXDataModel.swift */,
			);
			path = Model;
			sourceTree = "<group>";
		};
		4A447DBD252517450078304B /* Core Data */ = {
			isa = PBXGroup;
			children = (
			);
			path = "Core Data";
			sourceTree = "<group>";
		};
		4A447DBE2525174C0078304B /* Utilities */ = {
			isa = PBXGroup;
			children = (
				4A447DC72525187E0078304B /* CFError.swift */,
				4A5AF3EC2525400D00F8DAD6 /* Constants.swift */,
			);
			path = Utilities;
			sourceTree = "<group>";
		};
		4A447DBF2525174F0078304B /* View Controllers */ = {
			isa = PBXGroup;
			children = (
				4A447DA5252515BE0078304B /* HomeViewController.swift */,
			);
			path = "View Controllers";
			sourceTree = "<group>";
		};
		4A447DC0252517540078304B /* Extensions */ = {
			isa = PBXGroup;
			children = (
				4A5AF3F92525426E00F8DAD6 /* UIFont+Ext.swift */,
				4A5AF4012525439F00F8DAD6 /* UIView+Ext.swift */,
				4A5AF4092525498A00F8DAD6 /* Int+Ext.swift */,
			);
			path = Extensions;
			sourceTree = "<group>";
		};
		4A447DC1252517580078304B /* Reusable */ = {
			isa = PBXGroup;
			children = (
				4A5AF412252569EE00F8DAD6 /* SearchController */,
				4A5AF404252544FE00F8DAD6 /* StackView */,
				4A5AF3FC2525428300F8DAD6 /* UILabel */,
				4A5AF3F4252541A200F8DAD6 /* UIButton */,
				4A5AF3EF2525407D00F8DAD6 /* ImageView */,
				4A5AF3E4252532F400F8DAD6 /* CollectionViewCell */,
				4A5AF3DF25252BEB00F8DAD6 /* CollectionView */,
			);
			path = Reusable;
			sourceTree = "<group>";
		};
		4A5AF3DF25252BEB00F8DAD6 /* CollectionView */ = {
			isa = PBXGroup;
			children = (
				4A5AF3E025252BF600F8DAD6 /* CFCollectionView.swift */,
			);
			path = CollectionView;
			sourceTree = "<group>";
		};
		4A5AF3E4252532F400F8DAD6 /* CollectionViewCell */ = {
			isa = PBXGroup;
			children = (
				4A5AF3E5252532FF00F8DAD6 /* CFCollectionViewCell.swift */,
				4A5AF3E9252536F500F8DAD6 /* ListingCollectionViewCell.swift */,
			);
			path = CollectionViewCell;
			sourceTree = "<group>";
		};
		4A5AF3EF2525407D00F8DAD6 /* ImageView */ = {
			isa = PBXGroup;
			children = (
				4A5AF3F02525408600F8DAD6 /* CFListingImageView.swift */,
			);
			path = ImageView;
			sourceTree = "<group>";
		};
		4A5AF3F4252541A200F8DAD6 /* UIButton */ = {
			isa = PBXGroup;
			children = (
				4A5AF3F5252541AD00F8DAD6 /* CFButton.swift */,
			);
			path = UIButton;
			sourceTree = "<group>";
		};
		4A5AF3FC2525428300F8DAD6 /* UILabel */ = {
			isa = PBXGroup;
			children = (
				4A5AF3FD2525428900F8DAD6 /* CFLabel.swift */,
			);
			path = UILabel;
			sourceTree = "<group>";
		};
		4A5AF404252544FE00F8DAD6 /* StackView */ = {
			isa = PBXGroup;
			children = (
				4A5AF4052525450400F8DAD6 /* CFStackView.swift */,
			);
			path = StackView;
			sourceTree = "<group>";
		};
		4A5AF412252569EE00F8DAD6 /* SearchController */ = {
			isa = PBXGroup;
			children = (
				4A5AF413252569F700F8DAD6 /* CFSearchController.swift */,
			);
			path = SearchController;
			sourceTree = "<group>";
		};
/* End PBXGroup section */

/* Begin PBXNativeTarget section */
		4A447D9D252515BE0078304B /* CARFAX_Listings */ = {
			isa = PBXNativeTarget;
			buildConfigurationList = 4A447DB5252515BE0078304B /* Build configuration list for PBXNativeTarget "CARFAX_Listings" */;
			buildPhases = (
				4A447D9A252515BE0078304B /* Sources */,
				4A447D9B252515BE0078304B /* Frameworks */,
				4A447D9C252515BE0078304B /* Resources */,
			);
			buildRules = (
			);
			dependencies = (
			);
			name = CARFAX_Listings;
			productName = CARFAX_Listings;
			productReference = 4A447D9E252515BE0078304B /* CARFAX_Listings.app */;
			productType = "com.apple.product-type.application";
		};
/* End PBXNativeTarget section */

/* Begin PBXProject section */
		4A447D96252515BE0078304B /* Project object */ = {
			isa = PBXProject;
			attributes = {
				LastSwiftUpdateCheck = 1200;
				LastUpgradeCheck = 1200;
				TargetAttributes = {
					4A447D9D252515BE0078304B = {
						CreatedOnToolsVersion = 12.0.1;
					};
				};
			};
			buildConfigurationList = 4A447D99252515BE0078304B /* Build configuration list for PBXProject "CARFAX_Listings" */;
			compatibilityVersion = "Xcode 9.3";
			developmentRegion = en;
			hasScannedForEncodings = 0;
			knownRegions = (
				en,
				Base,
			);
			mainGroup = 4A447D95252515BE0078304B;
			productRefGroup = 4A447D9F252515BE0078304B /* Products */;
			projectDirPath = "";
			projectRoot = "";
			targets = (
				4A447D9D252515BE0078304B /* CARFAX_Listings */,
			);
		};
/* End PBXProject section */

/* Begin PBXResourcesBuildPhase section */
		4A447D9C252515BE0078304B /* Resources */ = {
			isa = PBXResourcesBuildPhase;
			buildActionMask = 2147483647;
			files = (
				4A447DB1252515BE0078304B /* LaunchScreen.storyboard in Resources */,
				4A447DAE252515BE0078304B /* Assets.xcassets in Resources */,
			);
			runOnlyForDeploymentPostprocessing = 0;
		};
/* End PBXResourcesBuildPhase section */

/* Begin PBXSourcesBuildPhase section */
		4A447D9A252515BE0078304B /* Sources */ = {
			isa = PBXSourcesBuildPhase;
			buildActionMask = 2147483647;
			files = (
				4A5AF4022525439F00F8DAD6 /* UIView+Ext.swift in Sources */,
				4A5AF3FA2525426E00F8DAD6 /* UIFont+Ext.swift in Sources */,
				4A5AF3F12525408600F8DAD6 /* CFListingImageView.swift in Sources */,
				4A447DA6252515BE0078304B /* HomeViewController.swift in Sources */,
				4A5AF3F6252541AD00F8DAD6 /* CFButton.swift in Sources */,
				4A5AF40A2525498A00F8DAD6 /* Int+Ext.swift in Sources */,
				4A5AF3ED2525400D00F8DAD6 /* Constants.swift in Sources */,
				4A5AF3E125252BF600F8DAD6 /* CFCollectionView.swift in Sources */,
				4A447DCB252518C00078304B /* CARFAXDataModel.swift in Sources */,
				4A447DAC252515BE0078304B /* CARFAX_Listings.xcdatamodeld in Sources */,
				4A5AF414252569F700F8DAD6 /* CFSearchController.swift in Sources */,
				4A5AF3E6252532FF00F8DAD6 /* CFCollectionViewCell.swift in Sources */,
				4A5AF4062525450400F8DAD6 /* CFStackView.swift in Sources */,
				4A447DC42525180E0078304B /* NetworkManager.swift in Sources */,
				4A447DA2252515BE0078304B /* AppDelegate.swift in Sources */,
				4A5AF3EA252536F500F8DAD6 /* ListingCollectionViewCell.swift in Sources */,
				4A447DA4252515BE0078304B /* SceneDelegate.swift in Sources */,
				4A5AF3FE2525428900F8DAD6 /* CFLabel.swift in Sources */,
				4A447DC82525187E0078304B /* CFError.swift in Sources */,
			);
			runOnlyForDeploymentPostprocessing = 0;
		};
/* End PBXSourcesBuildPhase section */

/* Begin PBXVariantGroup section */
		4A447DAF252515BE0078304B /* LaunchScreen.storyboard */ = {
			isa = PBXVariantGroup;
			children = (
				4A447DB0252515BE0078304B /* Base */,
			);
			name = LaunchScreen.storyboard;
			sourceTree = "<group>";
		};
/* End PBXVariantGroup section */

/* Begin XCBuildConfiguration section */
		4A447DB3252515BE0078304B /* Debug */ = {
			isa = XCBuildConfiguration;
			buildSettings = {
				ALWAYS_SEARCH_USER_PATHS = NO;
				CLANG_ANALYZER_NONNULL = YES;
				CLANG_ANALYZER_NUMBER_OBJECT_CONVERSION = YES_AGGRESSIVE;
				CLANG_CXX_LANGUAGE_STANDARD = "gnu++14";
				CLANG_CXX_LIBRARY = "libc++";
				CLANG_ENABLE_MODULES = YES;
				CLANG_ENABLE_OBJC_ARC = YES;
				CLANG_ENABLE_OBJC_WEAK = YES;
				CLANG_WARN_BLOCK_CAPTURE_AUTORELEASING = YES;
				CLANG_WARN_BOOL_CONVERSION = YES;
				CLANG_WARN_COMMA = YES;
				CLANG_WARN_CONSTANT_CONVERSION = YES;
				CLANG_WARN_DEPRECATED_OBJC_IMPLEMENTATIONS = YES;
				CLANG_WARN_DIRECT_OBJC_ISA_USAGE = YES_ERROR;
				CLANG_WARN_DOCUMENTATION_COMMENTS = YES;
				CLANG_WARN_EMPTY_BODY = YES;
				CLANG_WARN_ENUM_CONVERSION = YES;
				CLANG_WARN_INFINITE_RECURSION = YES;
				CLANG_WARN_INT_CONVERSION = YES;
				CLANG_WARN_NON_LITERAL_NULL_CONVERSION = YES;
				CLANG_WARN_OBJC_IMPLICIT_RETAIN_SELF = YES;
				CLANG_WARN_OBJC_LITERAL_CONVERSION = YES;
				CLANG_WARN_OBJC_ROOT_CLASS = YES_ERROR;
				CLANG_WARN_QUOTED_INCLUDE_IN_FRAMEWORK_HEADER = YES;
				CLANG_WARN_RANGE_LOOP_ANALYSIS = YES;
				CLANG_WARN_STRICT_PROTOTYPES = YES;
				CLANG_WARN_SUSPICIOUS_MOVE = YES;
				CLANG_WARN_UNGUARDED_AVAILABILITY = YES_AGGRESSIVE;
				CLANG_WARN_UNREACHABLE_CODE = YES;
				CLANG_WARN__DUPLICATE_METHOD_MATCH = YES;
				COPY_PHASE_STRIP = NO;
				DEBUG_INFORMATION_FORMAT = dwarf;
				ENABLE_STRICT_OBJC_MSGSEND = YES;
				ENABLE_TESTABILITY = YES;
				GCC_C_LANGUAGE_STANDARD = gnu11;
				GCC_DYNAMIC_NO_PIC = NO;
				GCC_NO_COMMON_BLOCKS = YES;
				GCC_OPTIMIZATION_LEVEL = 0;
				GCC_PREPROCESSOR_DEFINITIONS = (
					"DEBUG=1",
					"$(inherited)",
				);
				GCC_WARN_64_TO_32_BIT_CONVERSION = YES;
				GCC_WARN_ABOUT_RETURN_TYPE = YES_ERROR;
				GCC_WARN_UNDECLARED_SELECTOR = YES;
				GCC_WARN_UNINITIALIZED_AUTOS = YES_AGGRESSIVE;
				GCC_WARN_UNUSED_FUNCTION = YES;
				GCC_WARN_UNUSED_VARIABLE = YES;
				IPHONEOS_DEPLOYMENT_TARGET = 14.0;
				MTL_ENABLE_DEBUG_INFO = INCLUDE_SOURCE;
				MTL_FAST_MATH = YES;
				ONLY_ACTIVE_ARCH = YES;
				SDKROOT = iphoneos;
				SWIFT_ACTIVE_COMPILATION_CONDITIONS = DEBUG;
				SWIFT_OPTIMIZATION_LEVEL = "-Onone";
			};
			name = Debug;
		};
		4A447DB4252515BE0078304B /* Release */ = {
			isa = XCBuildConfiguration;
			buildSettings = {
				ALWAYS_SEARCH_USER_PATHS = NO;
				CLANG_ANALYZER_NONNULL = YES;
				CLANG_ANALYZER_NUMBER_OBJECT_CONVERSION = YES_AGGRESSIVE;
				CLANG_CXX_LANGUAGE_STANDARD = "gnu++14";
				CLANG_CXX_LIBRARY = "libc++";
				CLANG_ENABLE_MODULES = YES;
				CLANG_ENABLE_OBJC_ARC = YES;
				CLANG_ENABLE_OBJC_WEAK = YES;
				CLANG_WARN_BLOCK_CAPTURE_AUTORELEASING = YES;
				CLANG_WARN_BOOL_CONVERSION = YES;
				CLANG_WARN_COMMA = YES;
				CLANG_WARN_CONSTANT_CONVERSION = YES;
				CLANG_WARN_DEPRECATED_OBJC_IMPLEMENTATIONS = YES;
				CLANG_WARN_DIRECT_OBJC_ISA_USAGE = YES_ERROR;
				CLANG_WARN_DOCUMENTATION_COMMENTS = YES;
				CLANG_WARN_EMPTY_BODY = YES;
				CLANG_WARN_ENUM_CONVERSION = YES;
				CLANG_WARN_INFINITE_RECURSION = YES;
				CLANG_WARN_INT_CONVERSION = YES;
				CLANG_WARN_NON_LITERAL_NULL_CONVERSION = YES;
				CLANG_WARN_OBJC_IMPLICIT_RETAIN_SELF = YES;
				CLANG_WARN_OBJC_LITERAL_CONVERSION = YES;
				CLANG_WARN_OBJC_ROOT_CLASS = YES_ERROR;
				CLANG_WARN_QUOTED_INCLUDE_IN_FRAMEWORK_HEADER = YES;
				CLANG_WARN_RANGE_LOOP_ANALYSIS = YES;
				CLANG_WARN_STRICT_PROTOTYPES = YES;
				CLANG_WARN_SUSPICIOUS_MOVE = YES;
				CLANG_WARN_UNGUARDED_AVAILABILITY = YES_AGGRESSIVE;
				CLANG_WARN_UNREACHABLE_CODE = YES;
				CLANG_WARN__DUPLICATE_METHOD_MATCH = YES;
				COPY_PHASE_STRIP = NO;
				DEBUG_INFORMATION_FORMAT = "dwarf-with-dsym";
				ENABLE_NS_ASSERTIONS = NO;
				ENABLE_STRICT_OBJC_MSGSEND = YES;
				GCC_C_LANGUAGE_STANDARD = gnu11;
				GCC_NO_COMMON_BLOCKS = YES;
				GCC_WARN_64_TO_32_BIT_CONVERSION = YES;
				GCC_WARN_ABOUT_RETURN_TYPE = YES_ERROR;
				GCC_WARN_UNDECLARED_SELECTOR = YES;
				GCC_WARN_UNINITIALIZED_AUTOS = YES_AGGRESSIVE;
				GCC_WARN_UNUSED_FUNCTION = YES;
				GCC_WARN_UNUSED_VARIABLE = YES;
				IPHONEOS_DEPLOYMENT_TARGET = 14.0;
				MTL_ENABLE_DEBUG_INFO = NO;
				MTL_FAST_MATH = YES;
				SDKROOT = iphoneos;
				SWIFT_COMPILATION_MODE = wholemodule;
				SWIFT_OPTIMIZATION_LEVEL = "-O";
				VALIDATE_PRODUCT = YES;
			};
			name = Release;
		};
		4A447DB6252515BE0078304B /* Debug */ = {
			isa = XCBuildConfiguration;
			buildSettings = {
				ASSETCATALOG_COMPILER_APPICON_NAME = AppIcon;
				ASSETCATALOG_COMPILER_GLOBAL_ACCENT_COLOR_NAME = AccentColor;
				CODE_SIGN_STYLE = Automatic;
				DEVELOPMENT_TEAM = FZ38NK37NP;
				INFOPLIST_FILE = CARFAX_Listings/Info.plist;
				LD_RUNPATH_SEARCH_PATHS = (
					"$(inherited)",
					"@executable_path/Frameworks",
				);
				PRODUCT_BUNDLE_IDENTIFIER = "com.chrissong.CARFAX-Listings";
				PRODUCT_NAME = "$(TARGET_NAME)";
				SWIFT_VERSION = 5.0;
				TARGETED_DEVICE_FAMILY = "1,2";
			};
			name = Debug;
		};
		4A447DB7252515BE0078304B /* Release */ = {
			isa = XCBuildConfiguration;
			buildSettings = {
				ASSETCATALOG_COMPILER_APPICON_NAME = AppIcon;
				ASSETCATALOG_COMPILER_GLOBAL_ACCENT_COLOR_NAME = AccentColor;
				CODE_SIGN_STYLE = Automatic;
				DEVELOPMENT_TEAM = FZ38NK37NP;
				INFOPLIST_FILE = CARFAX_Listings/Info.plist;
				LD_RUNPATH_SEARCH_PATHS = (
					"$(inherited)",
					"@executable_path/Frameworks",
				);
				PRODUCT_BUNDLE_IDENTIFIER = "com.chrissong.CARFAX-Listings";
				PRODUCT_NAME = "$(TARGET_NAME)";
				SWIFT_VERSION = 5.0;
				TARGETED_DEVICE_FAMILY = "1,2";
			};
			name = Release;
		};
/* End XCBuildConfiguration section */

/* Begin XCConfigurationList section */
		4A447D99252515BE0078304B /* Build configuration list for PBXProject "CARFAX_Listings" */ = {
			isa = XCConfigurationList;
			buildConfigurations = (
				4A447DB3252515BE0078304B /* Debug */,
				4A447DB4252515BE0078304B /* Release */,
			);
			defaultConfigurationIsVisible = 0;
			defaultConfigurationName = Release;
		};
		4A447DB5252515BE0078304B /* Build configuration list for PBXNativeTarget "CARFAX_Listings" */ = {
			isa = XCConfigurationList;
			buildConfigurations = (
				4A447DB6252515BE0078304B /* Debug */,
				4A447DB7252515BE0078304B /* Release */,
			);
			defaultConfigurationIsVisible = 0;
			defaultConfigurationName = Release;
		};
/* End XCConfigurationList section */

/* Begin XCVersionGroup section */
		4A447DAA252515BE0078304B /* CARFAX_Listings.xcdatamodeld */ = {
			isa = XCVersionGroup;
			children = (
				4A447DAB252515BE0078304B /* CARFAX_Listings.xcdatamodel */,
			);
			currentVersion = 4A447DAB252515BE0078304B /* CARFAX_Listings.xcdatamodel */;
			path = CARFAX_Listings.xcdatamodeld;
			sourceTree = "<group>";
			versionGroupType = wrapper.xcdatamodel;
		};
/* End XCVersionGroup section */
	};
	rootObject = 4A447D96252515BE0078304B /* Project object */;
}
